
Microsoft Visual Studio Solution File, Format Version 12.00
# Visual Studio 15
VisualStudioVersion = 15.0.27703.1
MinimumVisualStudioVersion = 10.0.40219.1
Project("{F184B08F-C81C-45F6-A57F-5ABD9991F28F}") = "vbmysqlmanipulation", "vbmysqlmanipulation\vbmysqlmanipulation.vbproj", "{4FC6AA7E-CE2F-4D4E-B6B4-98DCD9776309}"
EndProject
Global
	GlobalSection(SolutionConfigurationPlatforms) = preSolution
		Debug|Any CPU = Debug|Any CPU
		Release|Any CPU = Release|Any CPU
	EndGlobalSection
	GlobalSection(ProjectConfigurationPlatforms) = postSolution
		{4FC6AA7E-CE2F-4D4E-B6B4-98DCD9776309}.Debug|Any CPU.ActiveCfg = Debug|Any CPU
		{4FC6AA7E-CE2F-4D4E-B6B4-98DCD9776309}.Debug|Any CPU.Build.0 = Debug|Any CPU
		{4FC6AA7E-CE2F-4D4E-B6B4-98DCD9776309}.Release|Any CPU.ActiveCfg = Release|Any CPU
		{4FC6AA7E-CE2F-4D4E-B6B4-98DCD9776309}.Release|Any CPU.Build.0 = Release|Any CPU
	EndGlobalSection
	GlobalSection(SolutionProperties) = preSolution
		HideSolutionNode = FALSE
	EndGlobalSection
	GlobalSection(ExtensibilityGlobals) = postSolution
		SolutionGuid = {93726E6A-097D-4B80-A4E1-DBB681568A85}
	EndGlobalSection
EndGlobal
